// !$*UTF8*$!
{
	archiveVersion = 1;
	classes = {
	};
	objectVersion = 51;
	objects = {

/* Begin PBXBuildFile section */
		37E6AC93F37B8421B4B41842 /* Pods_ProjectME_ProjectMEUITests.framework in Frameworks */ = {isa = PBXBuildFile; fileRef = 18B3F9C7EC27886215840D7D /* Pods_ProjectME_ProjectMEUITests.framework */; };
		462FB3712365AA9E00907C3D /* TextFieldWithLabelViewModel.swift in Sources */ = {isa = PBXBuildFile; fileRef = 462FB3702365AA9E00907C3D /* TextFieldWithLabelViewModel.swift */; };
		462FB3752365AB1A00907C3D /* TextFieldWithLabelPickerViewModel.swift in Sources */ = {isa = PBXBuildFile; fileRef = 462FB3742365AB1A00907C3D /* TextFieldWithLabelPickerViewModel.swift */; };
		4646BCAE236A8A91000B1F98 /* LaneControlLayOneViewController.swift in Sources */ = {isa = PBXBuildFile; fileRef = 4646BCAD236A8A91000B1F98 /* LaneControlLayOneViewController.swift */; };
		4646BCB0236A8AA9000B1F98 /* LaneControlViewModel.swift in Sources */ = {isa = PBXBuildFile; fileRef = 4646BCAF236A8AA9000B1F98 /* LaneControlViewModel.swift */; };
		4646BCB9236C1501000B1F98 /* LaneValueChangerComponentViewController.swift in Sources */ = {isa = PBXBuildFile; fileRef = 4646BCB7236C1501000B1F98 /* LaneValueChangerComponentViewController.swift */; };
		4646BCBA236C1501000B1F98 /* LaneValueChangerComponentViewController.xib in Resources */ = {isa = PBXBuildFile; fileRef = 4646BCB8236C1501000B1F98 /* LaneValueChangerComponentViewController.xib */; };
		4646BCC6236C91DA000B1F98 /* LaneHeaderViewController.swift in Sources */ = {isa = PBXBuildFile; fileRef = 4646BCC4236C91DA000B1F98 /* LaneHeaderViewController.swift */; };
		4646BCC7236C91DA000B1F98 /* LaneHeaderViewController.xib in Resources */ = {isa = PBXBuildFile; fileRef = 4646BCC5236C91DA000B1F98 /* LaneHeaderViewController.xib */; };
		4646BCCB236C936E000B1F98 /* LaneHeaderViewModel.swift in Sources */ = {isa = PBXBuildFile; fileRef = 4646BCCA236C936E000B1F98 /* LaneHeaderViewModel.swift */; };
		46595500235AE43C002347F9 /* AppDelegate.swift in Sources */ = {isa = PBXBuildFile; fileRef = 465954FF235AE43C002347F9 /* AppDelegate.swift */; };
		46595502235AE43D002347F9 /* SceneDelegate.swift in Sources */ = {isa = PBXBuildFile; fileRef = 46595501235AE43D002347F9 /* SceneDelegate.swift */; };
		46595504235AE43D002347F9 /* ViewController.swift in Sources */ = {isa = PBXBuildFile; fileRef = 46595503235AE43D002347F9 /* ViewController.swift */; };
		46595507235AE43D002347F9 /* Main.storyboard in Resources */ = {isa = PBXBuildFile; fileRef = 46595505235AE43D002347F9 /* Main.storyboard */; };
		4659550A235AE43D002347F9 /* ProjectME.xcdatamodeld in Sources */ = {isa = PBXBuildFile; fileRef = 46595508235AE43D002347F9 /* ProjectME.xcdatamodeld */; };
		4659550C235AE43D002347F9 /* Assets.xcassets in Resources */ = {isa = PBXBuildFile; fileRef = 4659550B235AE43D002347F9 /* Assets.xcassets */; };
		4659550F235AE43D002347F9 /* LaunchScreen.storyboard in Resources */ = {isa = PBXBuildFile; fileRef = 4659550D235AE43D002347F9 /* LaunchScreen.storyboard */; };
		4659551A235AE43E002347F9 /* ProjectMETests.swift in Sources */ = {isa = PBXBuildFile; fileRef = 46595519235AE43E002347F9 /* ProjectMETests.swift */; };
		46595525235AE43E002347F9 /* ProjectMEUITests.swift in Sources */ = {isa = PBXBuildFile; fileRef = 46595524235AE43E002347F9 /* ProjectMEUITests.swift */; };
		46595536235AE4C1002347F9 /* PageViewController.swift in Sources */ = {isa = PBXBuildFile; fileRef = 46595535235AE4C1002347F9 /* PageViewController.swift */; };
		46595539235AE4F3002347F9 /* PageViewModel.swift in Sources */ = {isa = PBXBuildFile; fileRef = 46595538235AE4F3002347F9 /* PageViewModel.swift */; };
		4659553E235AE675002347F9 /* Storyboard.swift in Sources */ = {isa = PBXBuildFile; fileRef = 4659553D235AE675002347F9 /* Storyboard.swift */; };
		46595541235B03F0002347F9 /* Unit.swift in Sources */ = {isa = PBXBuildFile; fileRef = 46595540235B03F0002347F9 /* Unit.swift */; };
		46595546235B04B2002347F9 /* MassUnits.swift in Sources */ = {isa = PBXBuildFile; fileRef = 46595545235B04B2002347F9 /* MassUnits.swift */; };
		46595548235B092C002347F9 /* TimeUnits.swift in Sources */ = {isa = PBXBuildFile; fileRef = 46595547235B092C002347F9 /* TimeUnits.swift */; };
		4659554A235B0AC7002347F9 /* LengthUnits.swift in Sources */ = {isa = PBXBuildFile; fileRef = 46595549235B0AC7002347F9 /* LengthUnits.swift */; };
		46595553235B1012002347F9 /* HomeViewModel.swift in Sources */ = {isa = PBXBuildFile; fileRef = 46595552235B1012002347F9 /* HomeViewModel.swift */; };
		46595555235B1032002347F9 /* HomeTableViewController.swift in Sources */ = {isa = PBXBuildFile; fileRef = 46595554235B1032002347F9 /* HomeTableViewController.swift */; };
		46595561235B1473002347F9 /* HomeTrackTableViewCell.swift in Sources */ = {isa = PBXBuildFile; fileRef = 4659555F235B1473002347F9 /* HomeTrackTableViewCell.swift */; };
		46595562235B1473002347F9 /* HomeTrackTableViewCell.xib in Resources */ = {isa = PBXBuildFile; fileRef = 46595560235B1473002347F9 /* HomeTrackTableViewCell.xib */; };
		46595565235B1493002347F9 /* HomeOptionTableViewCell.swift in Sources */ = {isa = PBXBuildFile; fileRef = 46595563235B1493002347F9 /* HomeOptionTableViewCell.swift */; };
		46595566235B1493002347F9 /* HomeOptionTableViewCell.xib in Resources */ = {isa = PBXBuildFile; fileRef = 46595564235B1493002347F9 /* HomeOptionTableViewCell.xib */; };
		46595568235B1B96002347F9 /* TimestampModel.swift in Sources */ = {isa = PBXBuildFile; fileRef = 46595567235B1B96002347F9 /* TimestampModel.swift */; };
		4659556A235B1C60002347F9 /* Date+ElapsedTime.swift in Sources */ = {isa = PBXBuildFile; fileRef = 46595569235B1C60002347F9 /* Date+ElapsedTime.swift */; };
		4659556C235B2002002347F9 /* String+GetDate.swift in Sources */ = {isa = PBXBuildFile; fileRef = 4659556B235B2002002347F9 /* String+GetDate.swift */; };
		4659556E235B24BD002347F9 /* Date+CurrentDate.swift in Sources */ = {isa = PBXBuildFile; fileRef = 4659556D235B24BD002347F9 /* Date+CurrentDate.swift */; };
		46595573235B2AFD002347F9 /* HomeOptionModel.swift in Sources */ = {isa = PBXBuildFile; fileRef = 46595572235B2AFD002347F9 /* HomeOptionModel.swift */; };
		46595578235B3FA2002347F9 /* NoLanesViewController.swift in Sources */ = {isa = PBXBuildFile; fileRef = 46595577235B3FA2002347F9 /* NoLanesViewController.swift */; };
		4659557E235B443F002347F9 /* Lane.storyboard in Resources */ = {isa = PBXBuildFile; fileRef = 4659557D235B443F002347F9 /* Lane.storyboard */; };
		46595580235B4472002347F9 /* LaneDetailViewController.swift in Sources */ = {isa = PBXBuildFile; fileRef = 4659557F235B4472002347F9 /* LaneDetailViewController.swift */; };
		46595582235B4493002347F9 /* LaneNavigationViewController.swift in Sources */ = {isa = PBXBuildFile; fileRef = 46595581235B4493002347F9 /* LaneNavigationViewController.swift */; };
		46595584235B45A3002347F9 /* LaneDetailViewModel.swift in Sources */ = {isa = PBXBuildFile; fileRef = 46595583235B45A3002347F9 /* LaneDetailViewModel.swift */; };
		46595586235B49FE002347F9 /* UITextField+Designables.swift in Sources */ = {isa = PBXBuildFile; fileRef = 46595585235B49FE002347F9 /* UITextField+Designables.swift */; };
		4659558E235B4B27002347F9 /* TextFieldWithLabel.swift in Sources */ = {isa = PBXBuildFile; fileRef = 4659558D235B4B27002347F9 /* TextFieldWithLabel.swift */; };
		46595592235B4DAD002347F9 /* TextFieldWithLabel.xib in Resources */ = {isa = PBXBuildFile; fileRef = 46595591235B4DAD002347F9 /* TextFieldWithLabel.xib */; };
		46595598235B57B8002347F9 /* LaneViewModel.swift in Sources */ = {isa = PBXBuildFile; fileRef = 46595597235B57B8002347F9 /* LaneViewModel.swift */; };
		465955A1235B6200002347F9 /* TrackKilogramsViewController.swift in Sources */ = {isa = PBXBuildFile; fileRef = 465955A0235B6200002347F9 /* TrackKilogramsViewController.swift */; };
		465955A3235B620C002347F9 /* TrackKilogramsViewModel.swift in Sources */ = {isa = PBXBuildFile; fileRef = 465955A2235B620C002347F9 /* TrackKilogramsViewModel.swift */; };
		465955A5235B6219002347F9 /* PredefinedLanes.storyboard in Resources */ = {isa = PBXBuildFile; fileRef = 465955A4235B6219002347F9 /* PredefinedLanes.storyboard */; };
		465955A8235B649D002347F9 /* ResourceType.swift in Sources */ = {isa = PBXBuildFile; fileRef = 465955A7235B649D002347F9 /* ResourceType.swift */; };
		465955B1235BA86D002347F9 /* CoreDataService.swift in Sources */ = {isa = PBXBuildFile; fileRef = 465955B0235BA86D002347F9 /* CoreDataService.swift */; };
		465955B3235BAB72002347F9 /* NSManagedObject+EntityName.swift in Sources */ = {isa = PBXBuildFile; fileRef = 465955B2235BAB72002347F9 /* NSManagedObject+EntityName.swift */; };
		465955B8235BB1DB002347F9 /* Track.storyboard in Resources */ = {isa = PBXBuildFile; fileRef = 465955B7235BB1DB002347F9 /* Track.storyboard */; };
		465955BA235BB226002347F9 /* TrackNavigationViewController.swift in Sources */ = {isa = PBXBuildFile; fileRef = 465955B9235BB226002347F9 /* TrackNavigationViewController.swift */; };
		465955BC235BB253002347F9 /* TrackDetailViewController.swift in Sources */ = {isa = PBXBuildFile; fileRef = 465955BB235BB253002347F9 /* TrackDetailViewController.swift */; };
		465955BE235BB264002347F9 /* TrackDetailViewModel.swift in Sources */ = {isa = PBXBuildFile; fileRef = 465955BD235BB264002347F9 /* TrackDetailViewModel.swift */; };
		465955C2235BBA2A002347F9 /* SelectLanesTableViewModel.swift in Sources */ = {isa = PBXBuildFile; fileRef = 465955C1235BBA2A002347F9 /* SelectLanesTableViewModel.swift */; };
		465955CC235C7756002347F9 /* TrackCreationService.swift in Sources */ = {isa = PBXBuildFile; fileRef = 465955CB235C7756002347F9 /* TrackCreationService.swift */; };
		465955CE235C90CC002347F9 /* SelectLanesTableViewController.swift in Sources */ = {isa = PBXBuildFile; fileRef = 465955CD235C90CC002347F9 /* SelectLanesTableViewController.swift */; };
		465955D6235C98FB002347F9 /* LaneTableViewCell.xib in Resources */ = {isa = PBXBuildFile; fileRef = 465955D4235C98FB002347F9 /* LaneTableViewCell.xib */; };
		465955D8235CA542002347F9 /* LaneTableViewCell.swift in Sources */ = {isa = PBXBuildFile; fileRef = 465955D7235CA542002347F9 /* LaneTableViewCell.swift */; };
		465955DB235CA684002347F9 /* Constants.swift in Sources */ = {isa = PBXBuildFile; fileRef = 465955DA235CA684002347F9 /* Constants.swift */; };
		465DADFB2365DFA3007D0C63 /* UIScrollView+ScrollToBottom.swift in Sources */ = {isa = PBXBuildFile; fileRef = 465DADFA2365DFA3007D0C63 /* UIScrollView+ScrollToBottom.swift */; };
		465DADFE2365E1E2007D0C63 /* TextViewWithLabel.xib in Resources */ = {isa = PBXBuildFile; fileRef = 465DADFD2365E1E2007D0C63 /* TextViewWithLabel.xib */; };
		465DAE002365E1F1007D0C63 /* TextViewWithLabel.swift in Sources */ = {isa = PBXBuildFile; fileRef = 465DADFF2365E1F1007D0C63 /* TextViewWithLabel.swift */; };
		465DAE022365EC76007D0C63 /* LaneModel+Helpers.swift in Sources */ = {isa = PBXBuildFile; fileRef = 465DAE012365EC76007D0C63 /* LaneModel+Helpers.swift */; };
		837E060A47F4680C4650E36D /* Pods_ProjectME.framework in Frameworks */ = {isa = PBXBuildFile; fileRef = C27E882DD62CCF72C9BF5A97 /* Pods_ProjectME.framework */; };
		F2464BC15FE2876DF5DC3794 /* Pods_ProjectMETests.framework in Frameworks */ = {isa = PBXBuildFile; fileRef = FA5A56FF1D30379FC55F4B2F /* Pods_ProjectMETests.framework */; };
/* End PBXBuildFile section */

/* Begin PBXContainerItemProxy section */
		46595516235AE43E002347F9 /* PBXContainerItemProxy */ = {
			isa = PBXContainerItemProxy;
			containerPortal = 465954F4235AE43C002347F9 /* Project object */;
			proxyType = 1;
			remoteGlobalIDString = 465954FB235AE43C002347F9;
			remoteInfo = ProjectME;
		};
		46595521235AE43E002347F9 /* PBXContainerItemProxy */ = {
			isa = PBXContainerItemProxy;
			containerPortal = 465954F4235AE43C002347F9 /* Project object */;
			proxyType = 1;
			remoteGlobalIDString = 465954FB235AE43C002347F9;
			remoteInfo = ProjectME;
		};
/* End PBXContainerItemProxy section */

/* Begin PBXFileReference section */
		03419E860CB0897300E08897 /* Pods-ProjectME-ProjectMEUITests.debug.xcconfig */ = {isa = PBXFileReference; includeInIndex = 1; lastKnownFileType = text.xcconfig; name = "Pods-ProjectME-ProjectMEUITests.debug.xcconfig"; path = "Target Support Files/Pods-ProjectME-ProjectMEUITests/Pods-ProjectME-ProjectMEUITests.debug.xcconfig"; sourceTree = "<group>"; };
		18B3F9C7EC27886215840D7D /* Pods_ProjectME_ProjectMEUITests.framework */ = {isa = PBXFileReference; explicitFileType = wrapper.framework; includeInIndex = 0; path = Pods_ProjectME_ProjectMEUITests.framework; sourceTree = BUILT_PRODUCTS_DIR; };
		462FB3702365AA9E00907C3D /* TextFieldWithLabelViewModel.swift */ = {isa = PBXFileReference; lastKnownFileType = sourcecode.swift; path = TextFieldWithLabelViewModel.swift; sourceTree = "<group>"; };
		462FB3742365AB1A00907C3D /* TextFieldWithLabelPickerViewModel.swift */ = {isa = PBXFileReference; lastKnownFileType = sourcecode.swift; path = TextFieldWithLabelPickerViewModel.swift; sourceTree = "<group>"; };
		4646BCAD236A8A91000B1F98 /* LaneControlLayOneViewController.swift */ = {isa = PBXFileReference; lastKnownFileType = sourcecode.swift; path = LaneControlLayOneViewController.swift; sourceTree = "<group>"; };
		4646BCAF236A8AA9000B1F98 /* LaneControlViewModel.swift */ = {isa = PBXFileReference; lastKnownFileType = sourcecode.swift; path = LaneControlViewModel.swift; sourceTree = "<group>"; };
		4646BCB7236C1501000B1F98 /* LaneValueChangerComponentViewController.swift */ = {isa = PBXFileReference; lastKnownFileType = sourcecode.swift; path = LaneValueChangerComponentViewController.swift; sourceTree = "<group>"; };
		4646BCB8236C1501000B1F98 /* LaneValueChangerComponentViewController.xib */ = {isa = PBXFileReference; lastKnownFileType = file.xib; path = LaneValueChangerComponentViewController.xib; sourceTree = "<group>"; };
		4646BCC4236C91DA000B1F98 /* LaneHeaderViewController.swift */ = {isa = PBXFileReference; lastKnownFileType = sourcecode.swift; path = LaneHeaderViewController.swift; sourceTree = "<group>"; };
		4646BCC5236C91DA000B1F98 /* LaneHeaderViewController.xib */ = {isa = PBXFileReference; lastKnownFileType = file.xib; path = LaneHeaderViewController.xib; sourceTree = "<group>"; };
		4646BCCA236C936E000B1F98 /* LaneHeaderViewModel.swift */ = {isa = PBXFileReference; lastKnownFileType = sourcecode.swift; path = LaneHeaderViewModel.swift; sourceTree = "<group>"; };
		465954FC235AE43C002347F9 /* ProjectME.app */ = {isa = PBXFileReference; explicitFileType = wrapper.application; includeInIndex = 0; path = ProjectME.app; sourceTree = BUILT_PRODUCTS_DIR; };
		465954FF235AE43C002347F9 /* AppDelegate.swift */ = {isa = PBXFileReference; lastKnownFileType = sourcecode.swift; path = AppDelegate.swift; sourceTree = "<group>"; };
		46595501235AE43D002347F9 /* SceneDelegate.swift */ = {isa = PBXFileReference; lastKnownFileType = sourcecode.swift; path = SceneDelegate.swift; sourceTree = "<group>"; };
		46595503235AE43D002347F9 /* ViewController.swift */ = {isa = PBXFileReference; lastKnownFileType = sourcecode.swift; path = ViewController.swift; sourceTree = "<group>"; };
		46595506235AE43D002347F9 /* Base */ = {isa = PBXFileReference; lastKnownFileType = file.storyboard; name = Base; path = Base.lproj/Main.storyboard; sourceTree = "<group>"; };
		46595509235AE43D002347F9 /* ProjectME.xcdatamodel */ = {isa = PBXFileReference; lastKnownFileType = wrapper.xcdatamodel; path = ProjectME.xcdatamodel; sourceTree = "<group>"; };
		4659550B235AE43D002347F9 /* Assets.xcassets */ = {isa = PBXFileReference; lastKnownFileType = folder.assetcatalog; path = Assets.xcassets; sourceTree = "<group>"; };
		4659550E235AE43D002347F9 /* Base */ = {isa = PBXFileReference; lastKnownFileType = file.storyboard; name = Base; path = Base.lproj/LaunchScreen.storyboard; sourceTree = "<group>"; };
		46595510235AE43D002347F9 /* Info.plist */ = {isa = PBXFileReference; lastKnownFileType = text.plist.xml; path = Info.plist; sourceTree = "<group>"; };
		46595515235AE43E002347F9 /* ProjectMETests.xctest */ = {isa = PBXFileReference; explicitFileType = wrapper.cfbundle; includeInIndex = 0; path = ProjectMETests.xctest; sourceTree = BUILT_PRODUCTS_DIR; };
		46595519235AE43E002347F9 /* ProjectMETests.swift */ = {isa = PBXFileReference; lastKnownFileType = sourcecode.swift; path = ProjectMETests.swift; sourceTree = "<group>"; };
		4659551B235AE43E002347F9 /* Info.plist */ = {isa = PBXFileReference; lastKnownFileType = text.plist.xml; path = Info.plist; sourceTree = "<group>"; };
		46595520235AE43E002347F9 /* ProjectMEUITests.xctest */ = {isa = PBXFileReference; explicitFileType = wrapper.cfbundle; includeInIndex = 0; path = ProjectMEUITests.xctest; sourceTree = BUILT_PRODUCTS_DIR; };
		46595524235AE43E002347F9 /* ProjectMEUITests.swift */ = {isa = PBXFileReference; lastKnownFileType = sourcecode.swift; path = ProjectMEUITests.swift; sourceTree = "<group>"; };
		46595526235AE43E002347F9 /* Info.plist */ = {isa = PBXFileReference; lastKnownFileType = text.plist.xml; path = Info.plist; sourceTree = "<group>"; };
		46595535235AE4C1002347F9 /* PageViewController.swift */ = {isa = PBXFileReference; lastKnownFileType = sourcecode.swift; path = PageViewController.swift; sourceTree = "<group>"; };
		46595538235AE4F3002347F9 /* PageViewModel.swift */ = {isa = PBXFileReference; lastKnownFileType = sourcecode.swift; path = PageViewModel.swift; sourceTree = "<group>"; };
		4659553D235AE675002347F9 /* Storyboard.swift */ = {isa = PBXFileReference; lastKnownFileType = sourcecode.swift; path = Storyboard.swift; sourceTree = "<group>"; };
		46595540235B03F0002347F9 /* Unit.swift */ = {isa = PBXFileReference; lastKnownFileType = sourcecode.swift; path = Unit.swift; sourceTree = "<group>"; };
		46595545235B04B2002347F9 /* MassUnits.swift */ = {isa = PBXFileReference; lastKnownFileType = sourcecode.swift; path = MassUnits.swift; sourceTree = "<group>"; };
		46595547235B092C002347F9 /* TimeUnits.swift */ = {isa = PBXFileReference; lastKnownFileType = sourcecode.swift; path = TimeUnits.swift; sourceTree = "<group>"; };
		46595549235B0AC7002347F9 /* LengthUnits.swift */ = {isa = PBXFileReference; lastKnownFileType = sourcecode.swift; path = LengthUnits.swift; sourceTree = "<group>"; };
		46595552235B1012002347F9 /* HomeViewModel.swift */ = {isa = PBXFileReference; lastKnownFileType = sourcecode.swift; path = HomeViewModel.swift; sourceTree = "<group>"; };
		46595554235B1032002347F9 /* HomeTableViewController.swift */ = {isa = PBXFileReference; lastKnownFileType = sourcecode.swift; path = HomeTableViewController.swift; sourceTree = "<group>"; };
		4659555F235B1473002347F9 /* HomeTrackTableViewCell.swift */ = {isa = PBXFileReference; lastKnownFileType = sourcecode.swift; path = HomeTrackTableViewCell.swift; sourceTree = "<group>"; };
		46595560235B1473002347F9 /* HomeTrackTableViewCell.xib */ = {isa = PBXFileReference; lastKnownFileType = file.xib; path = HomeTrackTableViewCell.xib; sourceTree = "<group>"; };
		46595563235B1493002347F9 /* HomeOptionTableViewCell.swift */ = {isa = PBXFileReference; lastKnownFileType = sourcecode.swift; path = HomeOptionTableViewCell.swift; sourceTree = "<group>"; };
		46595564235B1493002347F9 /* HomeOptionTableViewCell.xib */ = {isa = PBXFileReference; lastKnownFileType = file.xib; path = HomeOptionTableViewCell.xib; sourceTree = "<group>"; };
		46595567235B1B96002347F9 /* TimestampModel.swift */ = {isa = PBXFileReference; lastKnownFileType = sourcecode.swift; path = TimestampModel.swift; sourceTree = "<group>"; };
		46595569235B1C60002347F9 /* Date+ElapsedTime.swift */ = {isa = PBXFileReference; lastKnownFileType = sourcecode.swift; path = "Date+ElapsedTime.swift"; sourceTree = "<group>"; };
		4659556B235B2002002347F9 /* String+GetDate.swift */ = {isa = PBXFileReference; lastKnownFileType = sourcecode.swift; path = "String+GetDate.swift"; sourceTree = "<group>"; };
		4659556D235B24BD002347F9 /* Date+CurrentDate.swift */ = {isa = PBXFileReference; lastKnownFileType = sourcecode.swift; path = "Date+CurrentDate.swift"; sourceTree = "<group>"; };
		46595572235B2AFD002347F9 /* HomeOptionModel.swift */ = {isa = PBXFileReference; lastKnownFileType = sourcecode.swift; path = HomeOptionModel.swift; sourceTree = "<group>"; };
		46595577235B3FA2002347F9 /* NoLanesViewController.swift */ = {isa = PBXFileReference; lastKnownFileType = sourcecode.swift; path = NoLanesViewController.swift; sourceTree = "<group>"; };
		4659557D235B443F002347F9 /* Lane.storyboard */ = {isa = PBXFileReference; lastKnownFileType = file.storyboard; path = Lane.storyboard; sourceTree = "<group>"; };
		4659557F235B4472002347F9 /* LaneDetailViewController.swift */ = {isa = PBXFileReference; lastKnownFileType = sourcecode.swift; path = LaneDetailViewController.swift; sourceTree = "<group>"; };
		46595581235B4493002347F9 /* LaneNavigationViewController.swift */ = {isa = PBXFileReference; lastKnownFileType = sourcecode.swift; path = LaneNavigationViewController.swift; sourceTree = "<group>"; };
		46595583235B45A3002347F9 /* LaneDetailViewModel.swift */ = {isa = PBXFileReference; lastKnownFileType = sourcecode.swift; path = LaneDetailViewModel.swift; sourceTree = "<group>"; };
		46595585235B49FE002347F9 /* UITextField+Designables.swift */ = {isa = PBXFileReference; lastKnownFileType = sourcecode.swift; path = "UITextField+Designables.swift"; sourceTree = "<group>"; };
		4659558D235B4B27002347F9 /* TextFieldWithLabel.swift */ = {isa = PBXFileReference; lastKnownFileType = sourcecode.swift; path = TextFieldWithLabel.swift; sourceTree = "<group>"; };
		46595591235B4DAD002347F9 /* TextFieldWithLabel.xib */ = {isa = PBXFileReference; lastKnownFileType = file.xib; path = TextFieldWithLabel.xib; sourceTree = "<group>"; };
		46595597235B57B8002347F9 /* LaneViewModel.swift */ = {isa = PBXFileReference; lastKnownFileType = sourcecode.swift; path = LaneViewModel.swift; sourceTree = "<group>"; };
		465955A0235B6200002347F9 /* TrackKilogramsViewController.swift */ = {isa = PBXFileReference; lastKnownFileType = sourcecode.swift; path = TrackKilogramsViewController.swift; sourceTree = "<group>"; };
		465955A2235B620C002347F9 /* TrackKilogramsViewModel.swift */ = {isa = PBXFileReference; lastKnownFileType = sourcecode.swift; path = TrackKilogramsViewModel.swift; sourceTree = "<group>"; };
		465955A4235B6219002347F9 /* PredefinedLanes.storyboard */ = {isa = PBXFileReference; lastKnownFileType = file.storyboard; path = PredefinedLanes.storyboard; sourceTree = "<group>"; };
		465955A7235B649D002347F9 /* ResourceType.swift */ = {isa = PBXFileReference; lastKnownFileType = sourcecode.swift; path = ResourceType.swift; sourceTree = "<group>"; };
		465955B0235BA86D002347F9 /* CoreDataService.swift */ = {isa = PBXFileReference; lastKnownFileType = sourcecode.swift; path = CoreDataService.swift; sourceTree = "<group>"; };
		465955B2235BAB72002347F9 /* NSManagedObject+EntityName.swift */ = {isa = PBXFileReference; lastKnownFileType = sourcecode.swift; path = "NSManagedObject+EntityName.swift"; sourceTree = "<group>"; };
		465955B7235BB1DB002347F9 /* Track.storyboard */ = {isa = PBXFileReference; lastKnownFileType = file.storyboard; path = Track.storyboard; sourceTree = "<group>"; };
		465955B9235BB226002347F9 /* TrackNavigationViewController.swift */ = {isa = PBXFileReference; lastKnownFileType = sourcecode.swift; path = TrackNavigationViewController.swift; sourceTree = "<group>"; };
		465955BB235BB253002347F9 /* TrackDetailViewController.swift */ = {isa = PBXFileReference; lastKnownFileType = sourcecode.swift; path = TrackDetailViewController.swift; sourceTree = "<group>"; };
		465955BD235BB264002347F9 /* TrackDetailViewModel.swift */ = {isa = PBXFileReference; lastKnownFileType = sourcecode.swift; path = TrackDetailViewModel.swift; sourceTree = "<group>"; };
		465955C1235BBA2A002347F9 /* SelectLanesTableViewModel.swift */ = {isa = PBXFileReference; lastKnownFileType = sourcecode.swift; path = SelectLanesTableViewModel.swift; sourceTree = "<group>"; };
		465955CB235C7756002347F9 /* TrackCreationService.swift */ = {isa = PBXFileReference; lastKnownFileType = sourcecode.swift; path = TrackCreationService.swift; sourceTree = "<group>"; };
		465955CD235C90CC002347F9 /* SelectLanesTableViewController.swift */ = {isa = PBXFileReference; lastKnownFileType = sourcecode.swift; path = SelectLanesTableViewController.swift; sourceTree = "<group>"; };
		465955D4235C98FB002347F9 /* LaneTableViewCell.xib */ = {isa = PBXFileReference; lastKnownFileType = file.xib; path = LaneTableViewCell.xib; sourceTree = "<group>"; };
		465955D7235CA542002347F9 /* LaneTableViewCell.swift */ = {isa = PBXFileReference; lastKnownFileType = sourcecode.swift; path = LaneTableViewCell.swift; sourceTree = "<group>"; };
		465955DA235CA684002347F9 /* Constants.swift */ = {isa = PBXFileReference; lastKnownFileType = sourcecode.swift; path = Constants.swift; sourceTree = "<group>"; };
		465DADFA2365DFA3007D0C63 /* UIScrollView+ScrollToBottom.swift */ = {isa = PBXFileReference; lastKnownFileType = sourcecode.swift; path = "UIScrollView+ScrollToBottom.swift"; sourceTree = "<group>"; };
		465DADFD2365E1E2007D0C63 /* TextViewWithLabel.xib */ = {isa = PBXFileReference; lastKnownFileType = file.xib; path = TextViewWithLabel.xib; sourceTree = "<group>"; };
		465DADFF2365E1F1007D0C63 /* TextViewWithLabel.swift */ = {isa = PBXFileReference; lastKnownFileType = sourcecode.swift; path = TextViewWithLabel.swift; sourceTree = "<group>"; };
		465DAE012365EC76007D0C63 /* LaneModel+Helpers.swift */ = {isa = PBXFileReference; lastKnownFileType = sourcecode.swift; path = "LaneModel+Helpers.swift"; sourceTree = "<group>"; };
		6C1C191FC7D6CC629B51B838 /* Pods-ProjectME.release.xcconfig */ = {isa = PBXFileReference; includeInIndex = 1; lastKnownFileType = text.xcconfig; name = "Pods-ProjectME.release.xcconfig"; path = "Target Support Files/Pods-ProjectME/Pods-ProjectME.release.xcconfig"; sourceTree = "<group>"; };
		958B0C7BCEE1C29C7E5C4216 /* Pods-ProjectMETests.release.xcconfig */ = {isa = PBXFileReference; includeInIndex = 1; lastKnownFileType = text.xcconfig; name = "Pods-ProjectMETests.release.xcconfig"; path = "Target Support Files/Pods-ProjectMETests/Pods-ProjectMETests.release.xcconfig"; sourceTree = "<group>"; };
		BE39A6C3F23B42A4E9A3B4A4 /* Pods-ProjectME.debug.xcconfig */ = {isa = PBXFileReference; includeInIndex = 1; lastKnownFileType = text.xcconfig; name = "Pods-ProjectME.debug.xcconfig"; path = "Target Support Files/Pods-ProjectME/Pods-ProjectME.debug.xcconfig"; sourceTree = "<group>"; };
		C27E882DD62CCF72C9BF5A97 /* Pods_ProjectME.framework */ = {isa = PBXFileReference; explicitFileType = wrapper.framework; includeInIndex = 0; path = Pods_ProjectME.framework; sourceTree = BUILT_PRODUCTS_DIR; };
		D90589E9E83170437D791925 /* Pods-ProjectME-ProjectMEUITests.release.xcconfig */ = {isa = PBXFileReference; includeInIndex = 1; lastKnownFileType = text.xcconfig; name = "Pods-ProjectME-ProjectMEUITests.release.xcconfig"; path = "Target Support Files/Pods-ProjectME-ProjectMEUITests/Pods-ProjectME-ProjectMEUITests.release.xcconfig"; sourceTree = "<group>"; };
		F6BE34EFB8B4D3B6F53F6D70 /* Pods-ProjectMETests.debug.xcconfig */ = {isa = PBXFileReference; includeInIndex = 1; lastKnownFileType = text.xcconfig; name = "Pods-ProjectMETests.debug.xcconfig"; path = "Target Support Files/Pods-ProjectMETests/Pods-ProjectMETests.debug.xcconfig"; sourceTree = "<group>"; };
		FA5A56FF1D30379FC55F4B2F /* Pods_ProjectMETests.framework */ = {isa = PBXFileReference; explicitFileType = wrapper.framework; includeInIndex = 0; path = Pods_ProjectMETests.framework; sourceTree = BUILT_PRODUCTS_DIR; };
/* End PBXFileReference section */

/* Begin PBXFrameworksBuildPhase section */
		465954F9235AE43C002347F9 /* Frameworks */ = {
			isa = PBXFrameworksBuildPhase;
			buildActionMask = 2147483647;
			files = (
				837E060A47F4680C4650E36D /* Pods_ProjectME.framework in Frameworks */,
			);
			runOnlyForDeploymentPostprocessing = 0;
		};
		46595512235AE43E002347F9 /* Frameworks */ = {
			isa = PBXFrameworksBuildPhase;
			buildActionMask = 2147483647;
			files = (
				F2464BC15FE2876DF5DC3794 /* Pods_ProjectMETests.framework in Frameworks */,
			);
			runOnlyForDeploymentPostprocessing = 0;
		};
		4659551D235AE43E002347F9 /* Frameworks */ = {
			isa = PBXFrameworksBuildPhase;
			buildActionMask = 2147483647;
			files = (
				37E6AC93F37B8421B4B41842 /* Pods_ProjectME_ProjectMEUITests.framework in Frameworks */,
			);
			runOnlyForDeploymentPostprocessing = 0;
		};
/* End PBXFrameworksBuildPhase section */

/* Begin PBXGroup section */
		462FB3722365AAA100907C3D /* Views */ = {
			isa = PBXGroup;
			children = (
				46595591235B4DAD002347F9 /* TextFieldWithLabel.xib */,
				4659558D235B4B27002347F9 /* TextFieldWithLabel.swift */,
			);
			path = Views;
			sourceTree = "<group>";
		};
		462FB3732365AAA500907C3D /* View Models */ = {
			isa = PBXGroup;
			children = (
				462FB3702365AA9E00907C3D /* TextFieldWithLabelViewModel.swift */,
				462FB3742365AB1A00907C3D /* TextFieldWithLabelPickerViewModel.swift */,
			);
			path = "View Models";
			sourceTree = "<group>";
		};
		4646BCB2236C10B2000B1F98 /* Lane Control */ = {
			isa = PBXGroup;
			children = (
				4646BCB4236C10C4000B1F98 /* View Models */,
				4646BCB3236C10BB000B1F98 /* View Controllers */,
			);
			path = "Lane Control";
			sourceTree = "<group>";
		};
		4646BCB3236C10BB000B1F98 /* View Controllers */ = {
			isa = PBXGroup;
			children = (
			);
			path = "View Controllers";
			sourceTree = "<group>";
		};
		4646BCB4236C10C4000B1F98 /* View Models */ = {
			isa = PBXGroup;
			children = (
			);
			path = "View Models";
			sourceTree = "<group>";
		};
		4646BCB5236C147E000B1F98 /* Layouts */ = {
			isa = PBXGroup;
			children = (
				4646BCAD236A8A91000B1F98 /* LaneControlLayOneViewController.swift */,
			);
			path = Layouts;
			sourceTree = "<group>";
		};
		4646BCB6236C14D5000B1F98 /* Lane Value Changer */ = {
			isa = PBXGroup;
			children = (
				4646BCBC236C1511000B1F98 /* View Models */,
				4646BCBB236C150A000B1F98 /* View Controllers */,
			);
			path = "Lane Value Changer";
			sourceTree = "<group>";
		};
		4646BCBB236C150A000B1F98 /* View Controllers */ = {
			isa = PBXGroup;
			children = (
				4646BCB7236C1501000B1F98 /* LaneValueChangerComponentViewController.swift */,
				4646BCB8236C1501000B1F98 /* LaneValueChangerComponentViewController.xib */,
			);
			path = "View Controllers";
			sourceTree = "<group>";
		};
		4646BCBC236C1511000B1F98 /* View Models */ = {
			isa = PBXGroup;
			children = (
			);
			path = "View Models";
			sourceTree = "<group>";
		};
		4646BCC3236C91BC000B1F98 /* Lane Header */ = {
			isa = PBXGroup;
			children = (
				4646BCC8236C9355000B1F98 /* View Controllers */,
				4646BCC9236C935E000B1F98 /* View Models */,
			);
			path = "Lane Header";
			sourceTree = "<group>";
		};
		4646BCC8236C9355000B1F98 /* View Controllers */ = {
			isa = PBXGroup;
			children = (
				4646BCC4236C91DA000B1F98 /* LaneHeaderViewController.swift */,
				4646BCC5236C91DA000B1F98 /* LaneHeaderViewController.xib */,
			);
			path = "View Controllers";
			sourceTree = "<group>";
		};
		4646BCC9236C935E000B1F98 /* View Models */ = {
			isa = PBXGroup;
			children = (
				4646BCCA236C936E000B1F98 /* LaneHeaderViewModel.swift */,
			);
			path = "View Models";
			sourceTree = "<group>";
		};
		465954F3235AE43C002347F9 = {
			isa = PBXGroup;
			children = (
				465954FE235AE43C002347F9 /* ProjectME */,
				46595518235AE43E002347F9 /* ProjectMETests */,
				46595523235AE43E002347F9 /* ProjectMEUITests */,
				465954FD235AE43C002347F9 /* Products */,
				FD0FDA58DDE2E2996F457D14 /* Pods */,
				8CC876DC6CC5DE9C3CBE78E1 /* Frameworks */,
			);
			sourceTree = "<group>";
		};
		465954FD235AE43C002347F9 /* Products */ = {
			isa = PBXGroup;
			children = (
				465954FC235AE43C002347F9 /* ProjectME.app */,
				46595515235AE43E002347F9 /* ProjectMETests.xctest */,
				46595520235AE43E002347F9 /* ProjectMEUITests.xctest */,
			);
			name = Products;
			sourceTree = "<group>";
		};
		465954FE235AE43C002347F9 /* ProjectME */ = {
			isa = PBXGroup;
			children = (
				46595510235AE43D002347F9 /* Info.plist */,
				465954FF235AE43C002347F9 /* AppDelegate.swift */,
				46595501235AE43D002347F9 /* SceneDelegate.swift */,
				46595503235AE43D002347F9 /* ViewController.swift */,
				4659550B235AE43D002347F9 /* Assets.xcassets */,
				4659553A235AE654002347F9 /* Core */,
				46595508235AE43D002347F9 /* ProjectME.xcdatamodeld */,
				46595532235AE48F002347F9 /* User Interface */,
			);
			path = ProjectME;
			sourceTree = "<group>";
		};
		46595518235AE43E002347F9 /* ProjectMETests */ = {
			isa = PBXGroup;
			children = (
				46595519235AE43E002347F9 /* ProjectMETests.swift */,
				4659551B235AE43E002347F9 /* Info.plist */,
			);
			path = ProjectMETests;
			sourceTree = "<group>";
		};
		46595523235AE43E002347F9 /* ProjectMEUITests */ = {
			isa = PBXGroup;
			children = (
				46595524235AE43E002347F9 /* ProjectMEUITests.swift */,
				46595526235AE43E002347F9 /* Info.plist */,
			);
			path = ProjectMEUITests;
			sourceTree = "<group>";
		};
		46595532235AE48F002347F9 /* User Interface */ = {
			isa = PBXGroup;
			children = (
				465955B4235BB1BE002347F9 /* Track */,
				46595587235B4AFB002347F9 /* Reusable */,
				4659554B235B0E3B002347F9 /* Home */,
				46595579235B4419002347F9 /* Lane */,
				4659550D235AE43D002347F9 /* LaunchScreen.storyboard */,
				46595505235AE43D002347F9 /* Main.storyboard */,
				46595574235B3F84002347F9 /* No Lanes */,
				46595533235AE49E002347F9 /* Paging Mechanism */,
			);
			path = "User Interface";
			sourceTree = "<group>";
		};
		46595533235AE49E002347F9 /* Paging Mechanism */ = {
			isa = PBXGroup;
			children = (
				46595534235AE4A7002347F9 /* View Controllers */,
				46595537235AE4E5002347F9 /* View Models */,
			);
			path = "Paging Mechanism";
			sourceTree = "<group>";
		};
		46595534235AE4A7002347F9 /* View Controllers */ = {
			isa = PBXGroup;
			children = (
				46595535235AE4C1002347F9 /* PageViewController.swift */,
			);
			path = "View Controllers";
			sourceTree = "<group>";
		};
		46595537235AE4E5002347F9 /* View Models */ = {
			isa = PBXGroup;
			children = (
				46595538235AE4F3002347F9 /* PageViewModel.swift */,
			);
			path = "View Models";
			sourceTree = "<group>";
		};
		4659553A235AE654002347F9 /* Core */ = {
			isa = PBXGroup;
			children = (
				465955D9235CA67D002347F9 /* Utils */,
				465955AD235BA80E002347F9 /* Services */,
				465955A6235B6495002347F9 /* Resource Types */,
				4659553B235AE65A002347F9 /* Extensions */,
				4659553F235B03DD002347F9 /* Model */,
				4659553C235AE66C002347F9 /* Storyboard */,
				46595544235B04A3002347F9 /* Units */,
			);
			path = Core;
			sourceTree = "<group>";
		};
		4659553B235AE65A002347F9 /* Extensions */ = {
			isa = PBXGroup;
			children = (
				465DAE012365EC76007D0C63 /* LaneModel+Helpers.swift */,
				46595569235B1C60002347F9 /* Date+ElapsedTime.swift */,
				4659556B235B2002002347F9 /* String+GetDate.swift */,
				4659556D235B24BD002347F9 /* Date+CurrentDate.swift */,
				46595585235B49FE002347F9 /* UITextField+Designables.swift */,
				465955B2235BAB72002347F9 /* NSManagedObject+EntityName.swift */,
				465DADFA2365DFA3007D0C63 /* UIScrollView+ScrollToBottom.swift */,
			);
			path = Extensions;
			sourceTree = "<group>";
		};
		4659553C235AE66C002347F9 /* Storyboard */ = {
			isa = PBXGroup;
			children = (
				4659553D235AE675002347F9 /* Storyboard.swift */,
			);
			path = Storyboard;
			sourceTree = "<group>";
		};
		4659553F235B03DD002347F9 /* Model */ = {
			isa = PBXGroup;
			children = (
				46595567235B1B96002347F9 /* TimestampModel.swift */,
			);
			path = Model;
			sourceTree = "<group>";
		};
		46595544235B04A3002347F9 /* Units */ = {
			isa = PBXGroup;
			children = (
				46595540235B03F0002347F9 /* Unit.swift */,
				46595545235B04B2002347F9 /* MassUnits.swift */,
				46595547235B092C002347F9 /* TimeUnits.swift */,
				46595549235B0AC7002347F9 /* LengthUnits.swift */,
			);
			path = Units;
			sourceTree = "<group>";
		};
		4659554B235B0E3B002347F9 /* Home */ = {
			isa = PBXGroup;
			children = (
				46595571235B2AF0002347F9 /* Models */,
				4659555A235B144B002347F9 /* Views */,
				4659554E235B0E4F002347F9 /* View Controllers */,
				4659554F235B0E54002347F9 /* View Models */,
			);
			path = Home;
			sourceTree = "<group>";
		};
		4659554E235B0E4F002347F9 /* View Controllers */ = {
			isa = PBXGroup;
			children = (
				46595554235B1032002347F9 /* HomeTableViewController.swift */,
			);
			path = "View Controllers";
			sourceTree = "<group>";
		};
		4659554F235B0E54002347F9 /* View Models */ = {
			isa = PBXGroup;
			children = (
				46595552235B1012002347F9 /* HomeViewModel.swift */,
			);
			path = "View Models";
			sourceTree = "<group>";
		};
		4659555A235B144B002347F9 /* Views */ = {
			isa = PBXGroup;
			children = (
				4659555F235B1473002347F9 /* HomeTrackTableViewCell.swift */,
				46595560235B1473002347F9 /* HomeTrackTableViewCell.xib */,
				46595563235B1493002347F9 /* HomeOptionTableViewCell.swift */,
				46595564235B1493002347F9 /* HomeOptionTableViewCell.xib */,
			);
			path = Views;
			sourceTree = "<group>";
		};
		46595571235B2AF0002347F9 /* Models */ = {
			isa = PBXGroup;
			children = (
				46595572235B2AFD002347F9 /* HomeOptionModel.swift */,
			);
			path = Models;
			sourceTree = "<group>";
		};
		46595574235B3F84002347F9 /* No Lanes */ = {
			isa = PBXGroup;
			children = (
				46595576235B3F95002347F9 /* View Models */,
				46595575235B3F91002347F9 /* View Controllers */,
			);
			path = "No Lanes";
			sourceTree = "<group>";
		};
		46595575235B3F91002347F9 /* View Controllers */ = {
			isa = PBXGroup;
			children = (
				46595577235B3FA2002347F9 /* NoLanesViewController.swift */,
			);
			path = "View Controllers";
			sourceTree = "<group>";
		};
		46595576235B3F95002347F9 /* View Models */ = {
			isa = PBXGroup;
			children = (
			);
			path = "View Models";
			sourceTree = "<group>";
		};
		46595579235B4419002347F9 /* Lane */ = {
			isa = PBXGroup;
			children = (
				465955C5235BC06F002347F9 /* Views */,
				4659559C235B61D0002347F9 /* Predefined Lanes */,
				4659557D235B443F002347F9 /* Lane.storyboard */,
				4659557A235B4427002347F9 /* View Controllers */,
				4659557C235B4430002347F9 /* View Models */,
			);
			path = Lane;
			sourceTree = "<group>";
		};
		4659557A235B4427002347F9 /* View Controllers */ = {
			isa = PBXGroup;
			children = (
				4659557F235B4472002347F9 /* LaneDetailViewController.swift */,
				46595581235B4493002347F9 /* LaneNavigationViewController.swift */,
				465955CD235C90CC002347F9 /* SelectLanesTableViewController.swift */,
				4646BCB5236C147E000B1F98 /* Layouts */,
			);
			path = "View Controllers";
			sourceTree = "<group>";
		};
		4659557C235B4430002347F9 /* View Models */ = {
			isa = PBXGroup;
			children = (
				46595583235B45A3002347F9 /* LaneDetailViewModel.swift */,
				46595597235B57B8002347F9 /* LaneViewModel.swift */,
				465955C1235BBA2A002347F9 /* SelectLanesTableViewModel.swift */,
				4646BCAF236A8AA9000B1F98 /* LaneControlViewModel.swift */,
			);
			path = "View Models";
			sourceTree = "<group>";
		};
		46595587235B4AFB002347F9 /* Reusable */ = {
			isa = PBXGroup;
			children = (
				4646BCC3236C91BC000B1F98 /* Lane Header */,
				4646BCB6236C14D5000B1F98 /* Lane Value Changer */,
				465DADFC2365E198007D0C63 /* TextView with Label */,
				4659558A235B4B0C002347F9 /* Textfield with Label */,
			);
			path = Reusable;
			sourceTree = "<group>";
		};
		4659558A235B4B0C002347F9 /* Textfield with Label */ = {
			isa = PBXGroup;
			children = (
				462FB3732365AAA500907C3D /* View Models */,
				462FB3722365AAA100907C3D /* Views */,
			);
			path = "Textfield with Label";
			sourceTree = "<group>";
		};
		4659559C235B61D0002347F9 /* Predefined Lanes */ = {
			isa = PBXGroup;
			children = (
				465955A4235B6219002347F9 /* PredefinedLanes.storyboard */,
				4646BCB2236C10B2000B1F98 /* Lane Control */,
				4659559D235B61D7002347F9 /* TrackKilogramsLane */,
			);
			path = "Predefined Lanes";
			sourceTree = "<group>";
		};
		4659559D235B61D7002347F9 /* TrackKilogramsLane */ = {
			isa = PBXGroup;
			children = (
				4659559F235B61EF002347F9 /* View Models */,
				4659559E235B61E5002347F9 /* View Controllers */,
			);
			path = TrackKilogramsLane;
			sourceTree = "<group>";
		};
		4659559E235B61E5002347F9 /* View Controllers */ = {
			isa = PBXGroup;
			children = (
				465955A0235B6200002347F9 /* TrackKilogramsViewController.swift */,
			);
			path = "View Controllers";
			sourceTree = "<group>";
		};
		4659559F235B61EF002347F9 /* View Models */ = {
			isa = PBXGroup;
			children = (
				465955A2235B620C002347F9 /* TrackKilogramsViewModel.swift */,
			);
			path = "View Models";
			sourceTree = "<group>";
		};
		465955A6235B6495002347F9 /* Resource Types */ = {
			isa = PBXGroup;
			children = (
				465955A7235B649D002347F9 /* ResourceType.swift */,
			);
			path = "Resource Types";
			sourceTree = "<group>";
		};
		465955AD235BA80E002347F9 /* Services */ = {
			isa = PBXGroup;
			children = (
				465955AE235BA812002347F9 /* CoreData */,
			);
			path = Services;
			sourceTree = "<group>";
		};
		465955AE235BA812002347F9 /* CoreData */ = {
			isa = PBXGroup;
			children = (
				465955B0235BA86D002347F9 /* CoreDataService.swift */,
			);
			path = CoreData;
			sourceTree = "<group>";
		};
		465955B4235BB1BE002347F9 /* Track */ = {
			isa = PBXGroup;
			children = (
				465955B7235BB1DB002347F9 /* Track.storyboard */,
				465955CA235C7742002347F9 /* Service */,
				465955B5235BB1C7002347F9 /* View Controllers */,
				465955B6235BB1CD002347F9 /* View Model */,
			);
			path = Track;
			sourceTree = "<group>";
		};
		465955B5235BB1C7002347F9 /* View Controllers */ = {
			isa = PBXGroup;
			children = (
				465955B9235BB226002347F9 /* TrackNavigationViewController.swift */,
				465955BB235BB253002347F9 /* TrackDetailViewController.swift */,
			);
			path = "View Controllers";
			sourceTree = "<group>";
		};
		465955B6235BB1CD002347F9 /* View Model */ = {
			isa = PBXGroup;
			children = (
				465955BD235BB264002347F9 /* TrackDetailViewModel.swift */,
			);
			path = "View Model";
			sourceTree = "<group>";
		};
		465955C5235BC06F002347F9 /* Views */ = {
			isa = PBXGroup;
			children = (
				465955D4235C98FB002347F9 /* LaneTableViewCell.xib */,
				465955D7235CA542002347F9 /* LaneTableViewCell.swift */,
			);
			path = Views;
			sourceTree = "<group>";
		};
		465955CA235C7742002347F9 /* Service */ = {
			isa = PBXGroup;
			children = (
				465955CB235C7756002347F9 /* TrackCreationService.swift */,
			);
			path = Service;
			sourceTree = "<group>";
		};
		465955D9235CA67D002347F9 /* Utils */ = {
			isa = PBXGroup;
			children = (
				465955DA235CA684002347F9 /* Constants.swift */,
			);
			path = Utils;
			sourceTree = "<group>";
		};
		465DADFC2365E198007D0C63 /* TextView with Label */ = {
			isa = PBXGroup;
			children = (
				465DADFD2365E1E2007D0C63 /* TextViewWithLabel.xib */,
				465DADFF2365E1F1007D0C63 /* TextViewWithLabel.swift */,
			);
			path = "TextView with Label";
			sourceTree = "<group>";
		};
		8CC876DC6CC5DE9C3CBE78E1 /* Frameworks */ = {
			isa = PBXGroup;
			children = (
				C27E882DD62CCF72C9BF5A97 /* Pods_ProjectME.framework */,
				18B3F9C7EC27886215840D7D /* Pods_ProjectME_ProjectMEUITests.framework */,
				FA5A56FF1D30379FC55F4B2F /* Pods_ProjectMETests.framework */,
			);
			name = Frameworks;
			sourceTree = "<group>";
		};
		FD0FDA58DDE2E2996F457D14 /* Pods */ = {
			isa = PBXGroup;
			children = (
				BE39A6C3F23B42A4E9A3B4A4 /* Pods-ProjectME.debug.xcconfig */,
				6C1C191FC7D6CC629B51B838 /* Pods-ProjectME.release.xcconfig */,
				03419E860CB0897300E08897 /* Pods-ProjectME-ProjectMEUITests.debug.xcconfig */,
				D90589E9E83170437D791925 /* Pods-ProjectME-ProjectMEUITests.release.xcconfig */,
				F6BE34EFB8B4D3B6F53F6D70 /* Pods-ProjectMETests.debug.xcconfig */,
				958B0C7BCEE1C29C7E5C4216 /* Pods-ProjectMETests.release.xcconfig */,
			);
			path = Pods;
			sourceTree = "<group>";
		};
/* End PBXGroup section */

/* Begin PBXNativeTarget section */
		465954FB235AE43C002347F9 /* ProjectME */ = {
			isa = PBXNativeTarget;
			buildConfigurationList = 46595529235AE43E002347F9 /* Build configuration list for PBXNativeTarget "ProjectME" */;
			buildPhases = (
				EC369C4CD0F1461627C47966 /* [CP] Check Pods Manifest.lock */,
				465954F8235AE43C002347F9 /* Sources */,
				465954F9235AE43C002347F9 /* Frameworks */,
				465954FA235AE43C002347F9 /* Resources */,
				372AB89133EFD398E6629C5A /* [CP] Embed Pods Frameworks */,
			);
			buildRules = (
			);
			dependencies = (
			);
			name = ProjectME;
			productName = ProjectME;
			productReference = 465954FC235AE43C002347F9 /* ProjectME.app */;
			productType = "com.apple.product-type.application";
		};
		46595514235AE43E002347F9 /* ProjectMETests */ = {
			isa = PBXNativeTarget;
			buildConfigurationList = 4659552C235AE43E002347F9 /* Build configuration list for PBXNativeTarget "ProjectMETests" */;
			buildPhases = (
				A11B075CC94D6FCCC6F5664B /* [CP] Check Pods Manifest.lock */,
				46595511235AE43E002347F9 /* Sources */,
				46595512235AE43E002347F9 /* Frameworks */,
				46595513235AE43E002347F9 /* Resources */,
			);
			buildRules = (
			);
			dependencies = (
				46595517235AE43E002347F9 /* PBXTargetDependency */,
			);
			name = ProjectMETests;
			productName = ProjectMETests;
			productReference = 46595515235AE43E002347F9 /* ProjectMETests.xctest */;
			productType = "com.apple.product-type.bundle.unit-test";
		};
		4659551F235AE43E002347F9 /* ProjectMEUITests */ = {
			isa = PBXNativeTarget;
			buildConfigurationList = 4659552F235AE43E002347F9 /* Build configuration list for PBXNativeTarget "ProjectMEUITests" */;
			buildPhases = (
				7C296019223FFC308ED8B853 /* [CP] Check Pods Manifest.lock */,
				4659551C235AE43E002347F9 /* Sources */,
				4659551D235AE43E002347F9 /* Frameworks */,
				4659551E235AE43E002347F9 /* Resources */,
				A00DEBD4183B63E6847DEEB6 /* [CP] Embed Pods Frameworks */,
			);
			buildRules = (
			);
			dependencies = (
				46595522235AE43E002347F9 /* PBXTargetDependency */,
			);
			name = ProjectMEUITests;
			productName = ProjectMEUITests;
			productReference = 46595520235AE43E002347F9 /* ProjectMEUITests.xctest */;
			productType = "com.apple.product-type.bundle.ui-testing";
		};
/* End PBXNativeTarget section */

/* Begin PBXProject section */
		465954F4235AE43C002347F9 /* Project object */ = {
			isa = PBXProject;
			attributes = {
				LastSwiftUpdateCheck = 1110;
				LastUpgradeCheck = 1110;
				ORGANIZATIONNAME = codecontrive;
				TargetAttributes = {
					465954FB235AE43C002347F9 = {
						CreatedOnToolsVersion = 11.1;
					};
					46595514235AE43E002347F9 = {
						CreatedOnToolsVersion = 11.1;
						TestTargetID = 465954FB235AE43C002347F9;
					};
					4659551F235AE43E002347F9 = {
						CreatedOnToolsVersion = 11.1;
						TestTargetID = 465954FB235AE43C002347F9;
					};
				};
			};
			buildConfigurationList = 465954F7235AE43C002347F9 /* Build configuration list for PBXProject "ProjectME" */;
			compatibilityVersion = "Xcode 9.3";
			developmentRegion = en;
			hasScannedForEncodings = 0;
			knownRegions = (
				en,
				Base,
			);
			mainGroup = 465954F3235AE43C002347F9;
			productRefGroup = 465954FD235AE43C002347F9 /* Products */;
			projectDirPath = "";
			projectRoot = "";
			targets = (
				465954FB235AE43C002347F9 /* ProjectME */,
				46595514235AE43E002347F9 /* ProjectMETests */,
				4659551F235AE43E002347F9 /* ProjectMEUITests */,
			);
		};
/* End PBXProject section */

/* Begin PBXResourcesBuildPhase section */
		465954FA235AE43C002347F9 /* Resources */ = {
			isa = PBXResourcesBuildPhase;
			buildActionMask = 2147483647;
			files = (
				46595562235B1473002347F9 /* HomeTrackTableViewCell.xib in Resources */,
				4659550F235AE43D002347F9 /* LaunchScreen.storyboard in Resources */,
				465955D6235C98FB002347F9 /* LaneTableViewCell.xib in Resources */,
				465955A5235B6219002347F9 /* PredefinedLanes.storyboard in Resources */,
				465DADFE2365E1E2007D0C63 /* TextViewWithLabel.xib in Resources */,
				4659557E235B443F002347F9 /* Lane.storyboard in Resources */,
				4646BCC7236C91DA000B1F98 /* LaneHeaderViewController.xib in Resources */,
				46595566235B1493002347F9 /* HomeOptionTableViewCell.xib in Resources */,
				46595592235B4DAD002347F9 /* TextFieldWithLabel.xib in Resources */,
				4659550C235AE43D002347F9 /* Assets.xcassets in Resources */,
				46595507235AE43D002347F9 /* Main.storyboard in Resources */,
				465955B8235BB1DB002347F9 /* Track.storyboard in Resources */,
				4646BCBA236C1501000B1F98 /* LaneValueChangerComponentViewController.xib in Resources */,
			);
			runOnlyForDeploymentPostprocessing = 0;
		};
		46595513235AE43E002347F9 /* Resources */ = {
			isa = PBXResourcesBuildPhase;
			buildActionMask = 2147483647;
			files = (
			);
			runOnlyForDeploymentPostprocessing = 0;
		};
		4659551E235AE43E002347F9 /* Resources */ = {
			isa = PBXResourcesBuildPhase;
			buildActionMask = 2147483647;
			files = (
			);
			runOnlyForDeploymentPostprocessing = 0;
		};
/* End PBXResourcesBuildPhase section */

/* Begin PBXShellScriptBuildPhase section */
		372AB89133EFD398E6629C5A /* [CP] Embed Pods Frameworks */ = {
			isa = PBXShellScriptBuildPhase;
			buildActionMask = 2147483647;
			files = (
			);
			inputFileListPaths = (
				"${PODS_ROOT}/Target Support Files/Pods-ProjectME/Pods-ProjectME-frameworks-${CONFIGURATION}-input-files.xcfilelist",
			);
			name = "[CP] Embed Pods Frameworks";
			outputFileListPaths = (
				"${PODS_ROOT}/Target Support Files/Pods-ProjectME/Pods-ProjectME-frameworks-${CONFIGURATION}-output-files.xcfilelist",
			);
			runOnlyForDeploymentPostprocessing = 0;
			shellPath = /bin/sh;
			shellScript = "\"${PODS_ROOT}/Target Support Files/Pods-ProjectME/Pods-ProjectME-frameworks.sh\"\n";
			showEnvVarsInLog = 0;
		};
		7C296019223FFC308ED8B853 /* [CP] Check Pods Manifest.lock */ = {
			isa = PBXShellScriptBuildPhase;
			buildActionMask = 2147483647;
			files = (
			);
			inputFileListPaths = (
			);
			inputPaths = (
				"${PODS_PODFILE_DIR_PATH}/Podfile.lock",
				"${PODS_ROOT}/Manifest.lock",
			);
			name = "[CP] Check Pods Manifest.lock";
			outputFileListPaths = (
			);
			outputPaths = (
				"$(DERIVED_FILE_DIR)/Pods-ProjectME-ProjectMEUITests-checkManifestLockResult.txt",
			);
			runOnlyForDeploymentPostprocessing = 0;
			shellPath = /bin/sh;
			shellScript = "diff \"${PODS_PODFILE_DIR_PATH}/Podfile.lock\" \"${PODS_ROOT}/Manifest.lock\" > /dev/null\nif [ $? != 0 ] ; then\n    # print error to STDERR\n    echo \"error: The sandbox is not in sync with the Podfile.lock. Run 'pod install' or update your CocoaPods installation.\" >&2\n    exit 1\nfi\n# This output is used by Xcode 'outputs' to avoid re-running this script phase.\necho \"SUCCESS\" > \"${SCRIPT_OUTPUT_FILE_0}\"\n";
			showEnvVarsInLog = 0;
		};
		A00DEBD4183B63E6847DEEB6 /* [CP] Embed Pods Frameworks */ = {
			isa = PBXShellScriptBuildPhase;
			buildActionMask = 2147483647;
			files = (
			);
			inputFileListPaths = (
				"${PODS_ROOT}/Target Support Files/Pods-ProjectME-ProjectMEUITests/Pods-ProjectME-ProjectMEUITests-frameworks-${CONFIGURATION}-input-files.xcfilelist",
			);
			name = "[CP] Embed Pods Frameworks";
			outputFileListPaths = (
				"${PODS_ROOT}/Target Support Files/Pods-ProjectME-ProjectMEUITests/Pods-ProjectME-ProjectMEUITests-frameworks-${CONFIGURATION}-output-files.xcfilelist",
			);
			runOnlyForDeploymentPostprocessing = 0;
			shellPath = /bin/sh;
			shellScript = "\"${PODS_ROOT}/Target Support Files/Pods-ProjectME-ProjectMEUITests/Pods-ProjectME-ProjectMEUITests-frameworks.sh\"\n";
			showEnvVarsInLog = 0;
		};
		A11B075CC94D6FCCC6F5664B /* [CP] Check Pods Manifest.lock */ = {
			isa = PBXShellScriptBuildPhase;
			buildActionMask = 2147483647;
			files = (
			);
			inputFileListPaths = (
			);
			inputPaths = (
				"${PODS_PODFILE_DIR_PATH}/Podfile.lock",
				"${PODS_ROOT}/Manifest.lock",
			);
			name = "[CP] Check Pods Manifest.lock";
			outputFileListPaths = (
			);
			outputPaths = (
				"$(DERIVED_FILE_DIR)/Pods-ProjectMETests-checkManifestLockResult.txt",
			);
			runOnlyForDeploymentPostprocessing = 0;
			shellPath = /bin/sh;
			shellScript = "diff \"${PODS_PODFILE_DIR_PATH}/Podfile.lock\" \"${PODS_ROOT}/Manifest.lock\" > /dev/null\nif [ $? != 0 ] ; then\n    # print error to STDERR\n    echo \"error: The sandbox is not in sync with the Podfile.lock. Run 'pod install' or update your CocoaPods installation.\" >&2\n    exit 1\nfi\n# This output is used by Xcode 'outputs' to avoid re-running this script phase.\necho \"SUCCESS\" > \"${SCRIPT_OUTPUT_FILE_0}\"\n";
			showEnvVarsInLog = 0;
		};
		EC369C4CD0F1461627C47966 /* [CP] Check Pods Manifest.lock */ = {
			isa = PBXShellScriptBuildPhase;
			buildActionMask = 2147483647;
			files = (
			);
			inputFileListPaths = (
			);
			inputPaths = (
				"${PODS_PODFILE_DIR_PATH}/Podfile.lock",
				"${PODS_ROOT}/Manifest.lock",
			);
			name = "[CP] Check Pods Manifest.lock";
			outputFileListPaths = (
			);
			outputPaths = (
				"$(DERIVED_FILE_DIR)/Pods-ProjectME-checkManifestLockResult.txt",
			);
			runOnlyForDeploymentPostprocessing = 0;
			shellPath = /bin/sh;
			shellScript = "diff \"${PODS_PODFILE_DIR_PATH}/Podfile.lock\" \"${PODS_ROOT}/Manifest.lock\" > /dev/null\nif [ $? != 0 ] ; then\n    # print error to STDERR\n    echo \"error: The sandbox is not in sync with the Podfile.lock. Run 'pod install' or update your CocoaPods installation.\" >&2\n    exit 1\nfi\n# This output is used by Xcode 'outputs' to avoid re-running this script phase.\necho \"SUCCESS\" > \"${SCRIPT_OUTPUT_FILE_0}\"\n";
			showEnvVarsInLog = 0;
		};
/* End PBXShellScriptBuildPhase section */

/* Begin PBXSourcesBuildPhase section */
		465954F8235AE43C002347F9 /* Sources */ = {
			isa = PBXSourcesBuildPhase;
			buildActionMask = 2147483647;
			files = (
				465955BA235BB226002347F9 /* TrackNavigationViewController.swift in Sources */,
				4646BCCB236C936E000B1F98 /* LaneHeaderViewModel.swift in Sources */,
				46595504235AE43D002347F9 /* ViewController.swift in Sources */,
				465955CC235C7756002347F9 /* TrackCreationService.swift in Sources */,
				46595584235B45A3002347F9 /* LaneDetailViewModel.swift in Sources */,
				46595586235B49FE002347F9 /* UITextField+Designables.swift in Sources */,
				465955D8235CA542002347F9 /* LaneTableViewCell.swift in Sources */,
				465DAE022365EC76007D0C63 /* LaneModel+Helpers.swift in Sources */,
				465DADFB2365DFA3007D0C63 /* UIScrollView+ScrollToBottom.swift in Sources */,
				462FB3752365AB1A00907C3D /* TextFieldWithLabelPickerViewModel.swift in Sources */,
				465955BE235BB264002347F9 /* TrackDetailViewModel.swift in Sources */,
				465955A3235B620C002347F9 /* TrackKilogramsViewModel.swift in Sources */,
				46595598235B57B8002347F9 /* LaneViewModel.swift in Sources */,
				46595582235B4493002347F9 /* LaneNavigationViewController.swift in Sources */,
				465955CE235C90CC002347F9 /* SelectLanesTableViewController.swift in Sources */,
				46595578235B3FA2002347F9 /* NoLanesViewController.swift in Sources */,
				46595573235B2AFD002347F9 /* HomeOptionModel.swift in Sources */,
				46595580235B4472002347F9 /* LaneDetailViewController.swift in Sources */,
				46595565235B1493002347F9 /* HomeOptionTableViewCell.swift in Sources */,
				465955DB235CA684002347F9 /* Constants.swift in Sources */,
				465955A8235B649D002347F9 /* ResourceType.swift in Sources */,
				4659556E235B24BD002347F9 /* Date+CurrentDate.swift in Sources */,
				46595539235AE4F3002347F9 /* PageViewModel.swift in Sources */,
				462FB3712365AA9E00907C3D /* TextFieldWithLabelViewModel.swift in Sources */,
				4646BCC6236C91DA000B1F98 /* LaneHeaderViewController.swift in Sources */,
				4659556C235B2002002347F9 /* String+GetDate.swift in Sources */,
				4659554A235B0AC7002347F9 /* LengthUnits.swift in Sources */,
				465955C2235BBA2A002347F9 /* SelectLanesTableViewModel.swift in Sources */,
				46595536235AE4C1002347F9 /* PageViewController.swift in Sources */,
				4659553E235AE675002347F9 /* Storyboard.swift in Sources */,
				46595500235AE43C002347F9 /* AppDelegate.swift in Sources */,
				465955B3235BAB72002347F9 /* NSManagedObject+EntityName.swift in Sources */,
				465955B1235BA86D002347F9 /* CoreDataService.swift in Sources */,
				4659558E235B4B27002347F9 /* TextFieldWithLabel.swift in Sources */,
				4646BCAE236A8A91000B1F98 /* LaneControlLayOneViewController.swift in Sources */,
				46595541235B03F0002347F9 /* Unit.swift in Sources */,
				46595561235B1473002347F9 /* HomeTrackTableViewCell.swift in Sources */,
				4646BCB0236A8AA9000B1F98 /* LaneControlViewModel.swift in Sources */,
				465955A1235B6200002347F9 /* TrackKilogramsViewController.swift in Sources */,
				465DAE002365E1F1007D0C63 /* TextViewWithLabel.swift in Sources */,
				465955BC235BB253002347F9 /* TrackDetailViewController.swift in Sources */,
				46595502235AE43D002347F9 /* SceneDelegate.swift in Sources */,
				46595555235B1032002347F9 /* HomeTableViewController.swift in Sources */,
				46595568235B1B96002347F9 /* TimestampModel.swift in Sources */,
				46595553235B1012002347F9 /* HomeViewModel.swift in Sources */,
				46595546235B04B2002347F9 /* MassUnits.swift in Sources */,
				4659556A235B1C60002347F9 /* Date+ElapsedTime.swift in Sources */,
				46595548235B092C002347F9 /* TimeUnits.swift in Sources */,
				4659550A235AE43D002347F9 /* ProjectME.xcdatamodeld in Sources */,
				4646BCB9236C1501000B1F98 /* LaneValueChangerComponentViewController.swift in Sources */,
			);
			runOnlyForDeploymentPostprocessing = 0;
		};
		46595511235AE43E002347F9 /* Sources */ = {
			isa = PBXSourcesBuildPhase;
			buildActionMask = 2147483647;
			files = (
				4659551A235AE43E002347F9 /* ProjectMETests.swift in Sources */,
			);
			runOnlyForDeploymentPostprocessing = 0;
		};
		4659551C235AE43E002347F9 /* Sources */ = {
			isa = PBXSourcesBuildPhase;
			buildActionMask = 2147483647;
			files = (
				46595525235AE43E002347F9 /* ProjectMEUITests.swift in Sources */,
			);
			runOnlyForDeploymentPostprocessing = 0;
		};
/* End PBXSourcesBuildPhase section */

/* Begin PBXTargetDependency section */
		46595517235AE43E002347F9 /* PBXTargetDependency */ = {
			isa = PBXTargetDependency;
			target = 465954FB235AE43C002347F9 /* ProjectME */;
			targetProxy = 46595516235AE43E002347F9 /* PBXContainerItemProxy */;
		};
		46595522235AE43E002347F9 /* PBXTargetDependency */ = {
			isa = PBXTargetDependency;
			target = 465954FB235AE43C002347F9 /* ProjectME */;
			targetProxy = 46595521235AE43E002347F9 /* PBXContainerItemProxy */;
		};
/* End PBXTargetDependency section */

/* Begin PBXVariantGroup section */
		46595505235AE43D002347F9 /* Main.storyboard */ = {
			isa = PBXVariantGroup;
			children = (
				46595506235AE43D002347F9 /* Base */,
			);
			name = Main.storyboard;
			sourceTree = "<group>";
		};
		4659550D235AE43D002347F9 /* LaunchScreen.storyboard */ = {
			isa = PBXVariantGroup;
			children = (
				4659550E235AE43D002347F9 /* Base */,
			);
			name = LaunchScreen.storyboard;
			sourceTree = "<group>";
		};
/* End PBXVariantGroup section */

/* Begin XCBuildConfiguration section */
		46595527235AE43E002347F9 /* Debug */ = {
			isa = XCBuildConfiguration;
			buildSettings = {
				ALWAYS_SEARCH_USER_PATHS = NO;
				CLANG_ANALYZER_NONNULL = YES;
				CLANG_ANALYZER_NUMBER_OBJECT_CONVERSION = YES_AGGRESSIVE;
				CLANG_CXX_LANGUAGE_STANDARD = "gnu++14";
				CLANG_CXX_LIBRARY = "libc++";
				CLANG_ENABLE_MODULES = YES;
				CLANG_ENABLE_OBJC_ARC = YES;
				CLANG_ENABLE_OBJC_WEAK = YES;
				CLANG_WARN_BLOCK_CAPTURE_AUTORELEASING = YES;
				CLANG_WARN_BOOL_CONVERSION = YES;
				CLANG_WARN_COMMA = YES;
				CLANG_WARN_CONSTANT_CONVERSION = YES;
				CLANG_WARN_DEPRECATED_OBJC_IMPLEMENTATIONS = YES;
				CLANG_WARN_DIRECT_OBJC_ISA_USAGE = YES_ERROR;
				CLANG_WARN_DOCUMENTATION_COMMENTS = YES;
				CLANG_WARN_EMPTY_BODY = YES;
				CLANG_WARN_ENUM_CONVERSION = YES;
				CLANG_WARN_INFINITE_RECURSION = YES;
				CLANG_WARN_INT_CONVERSION = YES;
				CLANG_WARN_NON_LITERAL_NULL_CONVERSION = YES;
				CLANG_WARN_OBJC_IMPLICIT_RETAIN_SELF = YES;
				CLANG_WARN_OBJC_LITERAL_CONVERSION = YES;
				CLANG_WARN_OBJC_ROOT_CLASS = YES_ERROR;
				CLANG_WARN_RANGE_LOOP_ANALYSIS = YES;
				CLANG_WARN_STRICT_PROTOTYPES = YES;
				CLANG_WARN_SUSPICIOUS_MOVE = YES;
				CLANG_WARN_UNGUARDED_AVAILABILITY = YES_AGGRESSIVE;
				CLANG_WARN_UNREACHABLE_CODE = YES;
				CLANG_WARN__DUPLICATE_METHOD_MATCH = YES;
				COPY_PHASE_STRIP = NO;
				DEBUG_INFORMATION_FORMAT = dwarf;
				ENABLE_STRICT_OBJC_MSGSEND = YES;
				ENABLE_TESTABILITY = YES;
				GCC_C_LANGUAGE_STANDARD = gnu11;
				GCC_DYNAMIC_NO_PIC = NO;
				GCC_NO_COMMON_BLOCKS = YES;
				GCC_OPTIMIZATION_LEVEL = 0;
				GCC_PREPROCESSOR_DEFINITIONS = (
					"DEBUG=1",
					"$(inherited)",
				);
				GCC_WARN_64_TO_32_BIT_CONVERSION = YES;
				GCC_WARN_ABOUT_RETURN_TYPE = YES_ERROR;
				GCC_WARN_UNDECLARED_SELECTOR = YES;
				GCC_WARN_UNINITIALIZED_AUTOS = YES_AGGRESSIVE;
				GCC_WARN_UNUSED_FUNCTION = YES;
				GCC_WARN_UNUSED_VARIABLE = YES;
				IPHONEOS_DEPLOYMENT_TARGET = 13.1;
				MTL_ENABLE_DEBUG_INFO = INCLUDE_SOURCE;
				MTL_FAST_MATH = YES;
				ONLY_ACTIVE_ARCH = YES;
				SDKROOT = iphoneos;
				SWIFT_ACTIVE_COMPILATION_CONDITIONS = DEBUG;
				SWIFT_OPTIMIZATION_LEVEL = "-Onone";
			};
			name = Debug;
		};
		46595528235AE43E002347F9 /* Release */ = {
			isa = XCBuildConfiguration;
			buildSettings = {
				ALWAYS_SEARCH_USER_PATHS = NO;
				CLANG_ANALYZER_NONNULL = YES;
				CLANG_ANALYZER_NUMBER_OBJECT_CONVERSION = YES_AGGRESSIVE;
				CLANG_CXX_LANGUAGE_STANDARD = "gnu++14";
				CLANG_CXX_LIBRARY = "libc++";
				CLANG_ENABLE_MODULES = YES;
				CLANG_ENABLE_OBJC_ARC = YES;
				CLANG_ENABLE_OBJC_WEAK = YES;
				CLANG_WARN_BLOCK_CAPTURE_AUTORELEASING = YES;
				CLANG_WARN_BOOL_CONVERSION = YES;
				CLANG_WARN_COMMA = YES;
				CLANG_WARN_CONSTANT_CONVERSION = YES;
				CLANG_WARN_DEPRECATED_OBJC_IMPLEMENTATIONS = YES;
				CLANG_WARN_DIRECT_OBJC_ISA_USAGE = YES_ERROR;
				CLANG_WARN_DOCUMENTATION_COMMENTS = YES;
				CLANG_WARN_EMPTY_BODY = YES;
				CLANG_WARN_ENUM_CONVERSION = YES;
				CLANG_WARN_INFINITE_RECURSION = YES;
				CLANG_WARN_INT_CONVERSION = YES;
				CLANG_WARN_NON_LITERAL_NULL_CONVERSION = YES;
				CLANG_WARN_OBJC_IMPLICIT_RETAIN_SELF = YES;
				CLANG_WARN_OBJC_LITERAL_CONVERSION = YES;
				CLANG_WARN_OBJC_ROOT_CLASS = YES_ERROR;
				CLANG_WARN_RANGE_LOOP_ANALYSIS = YES;
				CLANG_WARN_STRICT_PROTOTYPES = YES;
				CLANG_WARN_SUSPICIOUS_MOVE = YES;
				CLANG_WARN_UNGUARDED_AVAILABILITY = YES_AGGRESSIVE;
				CLANG_WARN_UNREACHABLE_CODE = YES;
				CLANG_WARN__DUPLICATE_METHOD_MATCH = YES;
				COPY_PHASE_STRIP = NO;
				DEBUG_INFORMATION_FORMAT = "dwarf-with-dsym";
				ENABLE_NS_ASSERTIONS = NO;
				ENABLE_STRICT_OBJC_MSGSEND = YES;
				GCC_C_LANGUAGE_STANDARD = gnu11;
				GCC_NO_COMMON_BLOCKS = YES;
				GCC_WARN_64_TO_32_BIT_CONVERSION = YES;
				GCC_WARN_ABOUT_RETURN_TYPE = YES_ERROR;
				GCC_WARN_UNDECLARED_SELECTOR = YES;
				GCC_WARN_UNINITIALIZED_AUTOS = YES_AGGRESSIVE;
				GCC_WARN_UNUSED_FUNCTION = YES;
				GCC_WARN_UNUSED_VARIABLE = YES;
				IPHONEOS_DEPLOYMENT_TARGET = 13.1;
				MTL_ENABLE_DEBUG_INFO = NO;
				MTL_FAST_MATH = YES;
				SDKROOT = iphoneos;
				SWIFT_COMPILATION_MODE = wholemodule;
				SWIFT_OPTIMIZATION_LEVEL = "-O";
				VALIDATE_PRODUCT = YES;
			};
			name = Release;
		};
		4659552A235AE43E002347F9 /* Debug */ = {
			isa = XCBuildConfiguration;
			baseConfigurationReference = BE39A6C3F23B42A4E9A3B4A4 /* Pods-ProjectME.debug.xcconfig */;
			buildSettings = {
				ASSETCATALOG_COMPILER_APPICON_NAME = AppIcon;
				CODE_SIGN_STYLE = Automatic;
				DEVELOPMENT_TEAM = FZSAPS42SZ;
				INFOPLIST_FILE = ProjectME/Info.plist;
				LD_RUNPATH_SEARCH_PATHS = (
					"$(inherited)",
					"@executable_path/Frameworks",
				);
				PRODUCT_BUNDLE_IDENTIFIER = com.codecontrive.ProjectME;
				PRODUCT_NAME = "$(TARGET_NAME)";
				SWIFT_VERSION = 5.0;
				TARGETED_DEVICE_FAMILY = "1,2";
			};
			name = Debug;
		};
		4659552B235AE43E002347F9 /* Release */ = {
			isa = XCBuildConfiguration;
			baseConfigurationReference = 6C1C191FC7D6CC629B51B838 /* Pods-ProjectME.release.xcconfig */;
			buildSettings = {
				ASSETCATALOG_COMPILER_APPICON_NAME = AppIcon;
				CODE_SIGN_STYLE = Automatic;
				DEVELOPMENT_TEAM = FZSAPS42SZ;
				INFOPLIST_FILE = ProjectME/Info.plist;
				LD_RUNPATH_SEARCH_PATHS = (
					"$(inherited)",
					"@executable_path/Frameworks",
				);
				PRODUCT_BUNDLE_IDENTIFIER = com.codecontrive.ProjectME;
				PRODUCT_NAME = "$(TARGET_NAME)";
				SWIFT_VERSION = 5.0;
				TARGETED_DEVICE_FAMILY = "1,2";
			};
			name = Release;
		};
		4659552D235AE43E002347F9 /* Debug */ = {
			isa = XCBuildConfiguration;
			baseConfigurationReference = F6BE34EFB8B4D3B6F53F6D70 /* Pods-ProjectMETests.debug.xcconfig */;
			buildSettings = {
				ALWAYS_EMBED_SWIFT_STANDARD_LIBRARIES = YES;
				BUNDLE_LOADER = "$(TEST_HOST)";
				CODE_SIGN_STYLE = Automatic;
				DEVELOPMENT_TEAM = FZSAPS42SZ;
				INFOPLIST_FILE = ProjectMETests/Info.plist;
				IPHONEOS_DEPLOYMENT_TARGET = 13.1;
				LD_RUNPATH_SEARCH_PATHS = (
					"$(inherited)",
					"@executable_path/Frameworks",
					"@loader_path/Frameworks",
				);
				PRODUCT_BUNDLE_IDENTIFIER = com.codecontrive.ProjectMETests;
				PRODUCT_NAME = "$(TARGET_NAME)";
				SWIFT_VERSION = 5.0;
				TARGETED_DEVICE_FAMILY = "1,2";
				TEST_HOST = "$(BUILT_PRODUCTS_DIR)/ProjectME.app/ProjectME";
			};
			name = Debug;
		};
		4659552E235AE43E002347F9 /* Release */ = {
			isa = XCBuildConfiguration;
			baseConfigurationReference = 958B0C7BCEE1C29C7E5C4216 /* Pods-ProjectMETests.release.xcconfig */;
			buildSettings = {
				ALWAYS_EMBED_SWIFT_STANDARD_LIBRARIES = YES;
				BUNDLE_LOADER = "$(TEST_HOST)";
				CODE_SIGN_STYLE = Automatic;
				DEVELOPMENT_TEAM = FZSAPS42SZ;
				INFOPLIST_FILE = ProjectMETests/Info.plist;
				IPHONEOS_DEPLOYMENT_TARGET = 13.1;
				LD_RUNPATH_SEARCH_PATHS = (
					"$(inherited)",
					"@executable_path/Frameworks",
					"@loader_path/Frameworks",
				);
				PRODUCT_BUNDLE_IDENTIFIER = com.codecontrive.ProjectMETests;
				PRODUCT_NAME = "$(TARGET_NAME)";
				SWIFT_VERSION = 5.0;
				TARGETED_DEVICE_FAMILY = "1,2";
				TEST_HOST = "$(BUILT_PRODUCTS_DIR)/ProjectME.app/ProjectME";
			};
			name = Release;
		};
		46595530235AE43E002347F9 /* Debug */ = {
			isa = XCBuildConfiguration;
			baseConfigurationReference = 03419E860CB0897300E08897 /* Pods-ProjectME-ProjectMEUITests.debug.xcconfig */;
			buildSettings = {
				ALWAYS_EMBED_SWIFT_STANDARD_LIBRARIES = YES;
				CODE_SIGN_STYLE = Automatic;
				DEVELOPMENT_TEAM = FZSAPS42SZ;
				INFOPLIST_FILE = ProjectMEUITests/Info.plist;
				LD_RUNPATH_SEARCH_PATHS = (
					"$(inherited)",
					"@executable_path/Frameworks",
					"@loader_path/Frameworks",
				);
				PRODUCT_BUNDLE_IDENTIFIER = com.codecontrive.ProjectMEUITests;
				PRODUCT_NAME = "$(TARGET_NAME)";
				SWIFT_VERSION = 5.0;
				TARGETED_DEVICE_FAMILY = "1,2";
				TEST_TARGET_NAME = ProjectME;
			};
			name = Debug;
		};
		46595531235AE43E002347F9 /* Release */ = {
			isa = XCBuildConfiguration;
			baseConfigurationReference = D90589E9E83170437D791925 /* Pods-ProjectME-ProjectMEUITests.release.xcconfig */;
			buildSettings = {
				ALWAYS_EMBED_SWIFT_STANDARD_LIBRARIES = YES;
				CODE_SIGN_STYLE = Automatic;
				DEVELOPMENT_TEAM = FZSAPS42SZ;
				INFOPLIST_FILE = ProjectMEUITests/Info.plist;
				LD_RUNPATH_SEARCH_PATHS = (
					"$(inherited)",
					"@executable_path/Frameworks",
					"@loader_path/Frameworks",
				);
				PRODUCT_BUNDLE_IDENTIFIER = com.codecontrive.ProjectMEUITests;
				PRODUCT_NAME = "$(TARGET_NAME)";
				SWIFT_VERSION = 5.0;
				TARGETED_DEVICE_FAMILY = "1,2";
				TEST_TARGET_NAME = ProjectME;
			};
			name = Release;
		};
/* End XCBuildConfiguration section */

/* Begin XCConfigurationList section */
		465954F7235AE43C002347F9 /* Build configuration list for PBXProject "ProjectME" */ = {
			isa = XCConfigurationList;
			buildConfigurations = (
				46595527235AE43E002347F9 /* Debug */,
				46595528235AE43E002347F9 /* Release */,
			);
			defaultConfigurationIsVisible = 0;
			defaultConfigurationName = Release;
		};
		46595529235AE43E002347F9 /* Build configuration list for PBXNativeTarget "ProjectME" */ = {
			isa = XCConfigurationList;
			buildConfigurations = (
				4659552A235AE43E002347F9 /* Debug */,
				4659552B235AE43E002347F9 /* Release */,
			);
			defaultConfigurationIsVisible = 0;
			defaultConfigurationName = Release;
		};
		4659552C235AE43E002347F9 /* Build configuration list for PBXNativeTarget "ProjectMETests" */ = {
			isa = XCConfigurationList;
			buildConfigurations = (
				4659552D235AE43E002347F9 /* Debug */,
				4659552E235AE43E002347F9 /* Release */,
			);
			defaultConfigurationIsVisible = 0;
			defaultConfigurationName = Release;
		};
		4659552F235AE43E002347F9 /* Build configuration list for PBXNativeTarget "ProjectMEUITests" */ = {
			isa = XCConfigurationList;
			buildConfigurations = (
				46595530235AE43E002347F9 /* Debug */,
				46595531235AE43E002347F9 /* Release */,
			);
			defaultConfigurationIsVisible = 0;
			defaultConfigurationName = Release;
		};
/* End XCConfigurationList section */

/* Begin XCVersionGroup section */
		46595508235AE43D002347F9 /* ProjectME.xcdatamodeld */ = {
			isa = XCVersionGroup;
			children = (
				46595509235AE43D002347F9 /* ProjectME.xcdatamodel */,
			);
			currentVersion = 46595509235AE43D002347F9 /* ProjectME.xcdatamodel */;
			path = ProjectME.xcdatamodeld;
			sourceTree = "<group>";
			versionGroupType = wrapper.xcdatamodel;
		};
/* End XCVersionGroup section */
	};
	rootObject = 465954F4235AE43C002347F9 /* Project object */;
}
